// !$*UTF8*$!
{
	archiveVersion = 1;
	classes = {
	};
	objectVersion = 56;
	objects = {

/* Begin PBXBuildFile section */
		68B30A322DCDF69C00F6CC2A /* AppDelegate.swift in Sources */ = {isa = PBXBuildFile; fileRef = 68B30A312DCDF69C00F6CC2A /* AppDelegate.swift */; };
		68B30A342DCDF69C00F6CC2A /* GameScene.sks in Resources */ = {isa = PBXBuildFile; fileRef = 68B30A332DCDF69C00F6CC2A /* GameScene.sks */; };
		68B30A362DCDF69C00F6CC2A /* Actions.sks in Resources */ = {isa = PBXBuildFile; fileRef = 68B30A352DCDF69C00F6CC2A /* Actions.sks */; };
		68B30A3D2DCDF69C00F6CC2A /* Main.storyboard in Resources */ = {isa = PBXBuildFile; fileRef = 68B30A3B2DCDF69C00F6CC2A /* Main.storyboard */; };
		68B30A3F2DCDF69D00F6CC2A /* Assets.xcassets in Resources */ = {isa = PBXBuildFile; fileRef = 68B30A3E2DCDF69D00F6CC2A /* Assets.xcassets */; };
		68B30A422DCDF69D00F6CC2A /* LaunchScreen.storyboard in Resources */ = {isa = PBXBuildFile; fileRef = 68B30A402DCDF69D00F6CC2A /* LaunchScreen.storyboard */; };
		68B30A532DCDF97600F6CC2A /* GameScene.swift in Sources */ = {isa = PBXBuildFile; fileRef = 68B30A522DCDF97600F6CC2A /* GameScene.swift */; };
		68B30A552DCDF9A600F6CC2A /* GameOverScene.swift in Sources */ = {isa = PBXBuildFile; fileRef = 68B30A542DCDF9A600F6CC2A /* GameOverScene.swift */; };
		68B30A572DCDF9DB00F6CC2A /* GameViewController.swift in Sources */ = {isa = PBXBuildFile; fileRef = 68B30A562DCDF9DB00F6CC2A /* GameViewController.swift */; };
		68B30A592DCDFA4900F6CC2A /* CGPointExtensions.swift in Sources */ = {isa = PBXBuildFile; fileRef = 68B30A582DCDFA4900F6CC2A /* CGPointExtensions.swift */; };
		68BA19E12DDF1B46001F472B /* PowerUp.swift in Sources */ = {isa = PBXBuildFile; fileRef = 68BA19E02DDF1B46001F472B /* PowerUp.swift */; };
		68C180962DD736B200C8A1EF /* Monster.swift in Sources */ = {isa = PBXBuildFile; fileRef = 68C180952DD736B200C8A1EF /* Monster.swift */; };
/* End PBXBuildFile section */

/* Begin PBXFileReference section */
		68B30A2E2DCDF69C00F6CC2A /* Flappy Invaders.app */ = {isa = PBXFileReference; explicitFileType = wrapper.application; includeInIndex = 0; path = "Flappy Invaders.app"; sourceTree = BUILT_PRODUCTS_DIR; };
		68B30A312DCDF69C00F6CC2A /* AppDelegate.swift */ = {isa = PBXFileReference; lastKnownFileType = sourcecode.swift; path = AppDelegate.swift; sourceTree = "<group>"; };
		68B30A332DCDF69C00F6CC2A /* GameScene.sks */ = {isa = PBXFileReference; lastKnownFileType = file.sks; path = GameScene.sks; sourceTree = "<group>"; };
		68B30A352DCDF69C00F6CC2A /* Actions.sks */ = {isa = PBXFileReference; lastKnownFileType = file.sks; path = Actions.sks; sourceTree = "<group>"; };
		68B30A3C2DCDF69C00F6CC2A /* Base */ = {isa = PBXFileReference; lastKnownFileType = file.storyboard; name = Base; path = Base.lproj/Main.storyboard; sourceTree = "<group>"; };
		68B30A3E2DCDF69D00F6CC2A /* Assets.xcassets */ = {isa = PBXFileReference; lastKnownFileType = folder.assetcatalog; path = Assets.xcassets; sourceTree = "<group>"; };
		68B30A412DCDF69D00F6CC2A /* Base */ = {isa = PBXFileReference; lastKnownFileType = file.storyboard; name = Base; path = Base.lproj/LaunchScreen.storyboard; sourceTree = "<group>"; };
		68B30A522DCDF97600F6CC2A /* GameScene.swift */ = {isa = PBXFileReference; lastKnownFileType = sourcecode.swift; path = GameScene.swift; sourceTree = "<group>"; };
		68B30A542DCDF9A600F6CC2A /* GameOverScene.swift */ = {isa = PBXFileReference; lastKnownFileType = sourcecode.swift; path = GameOverScene.swift; sourceTree = "<group>"; };
		68B30A562DCDF9DB00F6CC2A /* GameViewController.swift */ = {isa = PBXFileReference; lastKnownFileType = sourcecode.swift; path = GameViewController.swift; sourceTree = "<group>"; };
		68B30A582DCDFA4900F6CC2A /* CGPointExtensions.swift */ = {isa = PBXFileReference; lastKnownFileType = sourcecode.swift; path = CGPointExtensions.swift; sourceTree = "<group>"; };
		68BA19E02DDF1B46001F472B /* PowerUp.swift */ = {isa = PBXFileReference; lastKnownFileType = sourcecode.swift; path = PowerUp.swift; sourceTree = "<group>"; };
		68C180952DD736B200C8A1EF /* Monster.swift */ = {isa = PBXFileReference; lastKnownFileType = sourcecode.swift; path = Monster.swift; sourceTree = "<group>"; };
/* End PBXFileReference section */

/* Begin PBXFrameworksBuildPhase section */
		68B30A2B2DCDF69C00F6CC2A /* Frameworks */ = {
			isa = PBXFrameworksBuildPhase;
			buildActionMask = 2147483647;
			files = (
			);
			runOnlyForDeploymentPostprocessing = 0;
		};
/* End PBXFrameworksBuildPhase section */

/* Begin PBXGroup section */
		68B30A252DCDF69C00F6CC2A = {
			isa = PBXGroup;
			children = (
				68B30A302DCDF69C00F6CC2A /* Flappy Invaders */,
				68B30A2F2DCDF69C00F6CC2A /* Products */,
			);
			sourceTree = "<group>";
		};
		68B30A2F2DCDF69C00F6CC2A /* Products */ = {
			isa = PBXGroup;
			children = (
				68B30A2E2DCDF69C00F6CC2A /* Flappy Invaders.app */,
			);
			name = Products;
			sourceTree = "<group>";
		};
		68B30A302DCDF69C00F6CC2A /* Flappy Invaders */ = {
			isa = PBXGroup;
			children = (
				68B30A312DCDF69C00F6CC2A /* AppDelegate.swift */,
				68B30A332DCDF69C00F6CC2A /* GameScene.sks */,
				68B30A352DCDF69C00F6CC2A /* Actions.sks */,
				68B30A3B2DCDF69C00F6CC2A /* Main.storyboard */,
				68B30A3E2DCDF69D00F6CC2A /* Assets.xcassets */,
				68B30A402DCDF69D00F6CC2A /* LaunchScreen.storyboard */,
				68B30A522DCDF97600F6CC2A /* GameScene.swift */,
				68B30A542DCDF9A600F6CC2A /* GameOverScene.swift */,
				68B30A562DCDF9DB00F6CC2A /* GameViewController.swift */,
				68B30A582DCDFA4900F6CC2A /* CGPointExtensions.swift */,
				68C180952DD736B200C8A1EF /* Monster.swift */,
				68BA19E02DDF1B46001F472B /* PowerUp.swift */,
			);
			path = "Flappy Invaders";
			sourceTree = "<group>";
		};
/* End PBXGroup section */

/* Begin PBXNativeTarget section */
		68B30A2D2DCDF69C00F6CC2A /* Flappy Invaders */ = {
			isa = PBXNativeTarget;
			buildConfigurationList = 68B30A452DCDF69D00F6CC2A /* Build configuration list for PBXNativeTarget "Flappy Invaders" */;
			buildPhases = (
				68B30A2A2DCDF69C00F6CC2A /* Sources */,
				68B30A2B2DCDF69C00F6CC2A /* Frameworks */,
				68B30A2C2DCDF69C00F6CC2A /* Resources */,
			);
			buildRules = (
			);
			dependencies = (
			);
			name = "Flappy Invaders";
			productName = "Flappy Invaders";
			productReference = 68B30A2E2DCDF69C00F6CC2A /* Flappy Invaders.app */;
			productType = "com.apple.product-type.application";
		};
/* End PBXNativeTarget section */

/* Begin PBXProject section */
		68B30A262DCDF69C00F6CC2A /* Project object */ = {
			isa = PBXProject;
			attributes = {
				BuildIndependentTargetsInParallel = 1;
				LastSwiftUpdateCheck = 1420;
				LastUpgradeCheck = 1420;
				TargetAttributes = {
					68B30A2D2DCDF69C00F6CC2A = {
						CreatedOnToolsVersion = 14.2;
					};
				};
			};
			buildConfigurationList = 68B30A292DCDF69C00F6CC2A /* Build configuration list for PBXProject "Flappy Invaders" */;
			compatibilityVersion = "Xcode 14.0";
			developmentRegion = en;
			hasScannedForEncodings = 0;
			knownRegions = (
				en,
				Base,
			);
			mainGroup = 68B30A252DCDF69C00F6CC2A;
			productRefGroup = 68B30A2F2DCDF69C00F6CC2A /* Products */;
			projectDirPath = "";
			projectRoot = "";
			targets = (
				68B30A2D2DCDF69C00F6CC2A /* Flappy Invaders */,
			);
		};
/* End PBXProject section */

/* Begin PBXResourcesBuildPhase section */
		68B30A2C2DCDF69C00F6CC2A /* Resources */ = {
			isa = PBXResourcesBuildPhase;
			buildActionMask = 2147483647;
			files = (
				68B30A3D2DCDF69C00F6CC2A /* Main.storyboard in Resources */,
				68B30A342DCDF69C00F6CC2A /* GameScene.sks in Resources */,
				68B30A3F2DCDF69D00F6CC2A /* Assets.xcassets in Resources */,
				68B30A422DCDF69D00F6CC2A /* LaunchScreen.storyboard in Resources */,
				68B30A362DCDF69C00F6CC2A /* Actions.sks in Resources */,
			);
			runOnlyForDeploymentPostprocessing = 0;
		};
/* End PBXResourcesBuildPhase section */

/* Begin PBXSourcesBuildPhase section */
		68B30A2A2DCDF69C00F6CC2A /* Sources */ = {
			isa = PBXSourcesBuildPhase;
			buildActionMask = 2147483647;
			files = (
				68B30A572DCDF9DB00F6CC2A /* GameViewController.swift in Sources */,
				68BA19E12DDF1B46001F472B /* PowerUp.swift in Sources */,
				68B30A532DCDF97600F6CC2A /* GameScene.swift in Sources */,
				68B30A592DCDFA4900F6CC2A /* CGPointExtensions.swift in Sources */,
				68B30A552DCDF9A600F6CC2A /* GameOverScene.swift in Sources */,
				68C180962DD736B200C8A1EF /* Monster.swift in Sources */,
				68B30A322DCDF69C00F6CC2A /* AppDelegate.swift in Sources */,
			);
			runOnlyForDeploymentPostprocessing = 0;
		};
/* End PBXSourcesBuildPhase section */

/* Begin PBXVariantGroup section */
		68B30A3B2DCDF69C00F6CC2A /* Main.storyboard */ = {
			isa = PBXVariantGroup;
			children = (
				68B30A3C2DCDF69C00F6CC2A /* Base */,
			);
			name = Main.storyboard;
			sourceTree = "<group>";
		};
		68B30A402DCDF69D00F6CC2A /* LaunchScreen.storyboard */ = {
			isa = PBXVariantGroup;
			children = (
				68B30A412DCDF69D00F6CC2A /* Base */,
			);
			name = LaunchScreen.storyboard;
			sourceTree = "<group>";
		};
/* End PBXVariantGroup section */

/* Begin XCBuildConfiguration section */
		68B30A432DCDF69D00F6CC2A /* Debug */ = {
			isa = XCBuildConfiguration;
			buildSettings = {
				ALWAYS_SEARCH_USER_PATHS = NO;
				CLANG_ANALYZER_NONNULL = YES;
				CLANG_ANALYZER_NUMBER_OBJECT_CONVERSION = YES_AGGRESSIVE;
				CLANG_CXX_LANGUAGE_STANDARD = "gnu++20";
				CLANG_ENABLE_MODULES = YES;
				CLANG_ENABLE_OBJC_ARC = YES;
				CLANG_ENABLE_OBJC_WEAK = YES;
				CLANG_WARN_BLOCK_CAPTURE_AUTORELEASING = YES;
				CLANG_WARN_BOOL_CONVERSION = YES;
				CLANG_WARN_COMMA = YES;
				CLANG_WARN_CONSTANT_CONVERSION = YES;
				CLANG_WARN_DEPRECATED_OBJC_IMPLEMENTATIONS = YES;
				CLANG_WARN_DIRECT_OBJC_ISA_USAGE = YES_ERROR;
				CLANG_WARN_DOCUMENTATION_COMMENTS = YES;
				CLANG_WARN_EMPTY_BODY = YES;
				CLANG_WARN_ENUM_CONVERSION = YES;
				CLANG_WARN_INFINITE_RECURSION = YES;
				CLANG_WARN_INT_CONVERSION = YES;
				CLANG_WARN_NON_LITERAL_NULL_CONVERSION = YES;
				CLANG_WARN_OBJC_IMPLICIT_RETAIN_SELF = YES;
				CLANG_WARN_OBJC_LITERAL_CONVERSION = YES;
				CLANG_WARN_OBJC_ROOT_CLASS = YES_ERROR;
				CLANG_WARN_QUOTED_INCLUDE_IN_FRAMEWORK_HEADER = YES;
				CLANG_WARN_RANGE_LOOP_ANALYSIS = YES;
				CLANG_WARN_STRICT_PROTOTYPES = YES;
				CLANG_WARN_SUSPICIOUS_MOVE = YES;
				CLANG_WARN_UNGUARDED_AVAILABILITY = YES_AGGRESSIVE;
				CLANG_WARN_UNREACHABLE_CODE = YES;
				CLANG_WARN__DUPLICATE_METHOD_MATCH = YES;
				COPY_PHASE_STRIP = NO;
				DEBUG_INFORMATION_FORMAT = dwarf;
				ENABLE_STRICT_OBJC_MSGSEND = YES;
				ENABLE_TESTABILITY = YES;
				GCC_C_LANGUAGE_STANDARD = gnu11;
				GCC_DYNAMIC_NO_PIC = NO;
				GCC_NO_COMMON_BLOCKS = YES;
				GCC_OPTIMIZATION_LEVEL = 0;
				GCC_PREPROCESSOR_DEFINITIONS = (
					"DEBUG=1",
					"$(inherited)",
				);
				GCC_WARN_64_TO_32_BIT_CONVERSION = YES;
				GCC_WARN_ABOUT_RETURN_TYPE = YES_ERROR;
				GCC_WARN_UNDECLARED_SELECTOR = YES;
				GCC_WARN_UNINITIALIZED_AUTOS = YES_AGGRESSIVE;
				GCC_WARN_UNUSED_FUNCTION = YES;
				GCC_WARN_UNUSED_VARIABLE = YES;
				IPHONEOS_DEPLOYMENT_TARGET = 16.2;
				MTL_ENABLE_DEBUG_INFO = INCLUDE_SOURCE;
				MTL_FAST_MATH = YES;
				ONLY_ACTIVE_ARCH = YES;
				SDKROOT = iphoneos;
				SWIFT_ACTIVE_COMPILATION_CONDITIONS = DEBUG;
				SWIFT_OPTIMIZATION_LEVEL = "-Onone";
			};
			name = Debug;
		};
		68B30A442DCDF69D00F6CC2A /* Release */ = {
			isa = XCBuildConfiguration;
			buildSettings = {
				ALWAYS_SEARCH_USER_PATHS = NO;
				CLANG_ANALYZER_NONNULL = YES;
				CLANG_ANALYZER_NUMBER_OBJECT_CONVERSION = YES_AGGRESSIVE;
				CLANG_CXX_LANGUAGE_STANDARD = "gnu++20";
				CLANG_ENABLE_MODULES = YES;
				CLANG_ENABLE_OBJC_ARC = YES;
				CLANG_ENABLE_OBJC_WEAK = YES;
				CLANG_WARN_BLOCK_CAPTURE_AUTORELEASING = YES;
				CLANG_WARN_BOOL_CONVERSION = YES;
				CLANG_WARN_COMMA = YES;
				CLANG_WARN_CONSTANT_CONVERSION = YES;
				CLANG_WARN_DEPRECATED_OBJC_IMPLEMENTATIONS = YES;
				CLANG_WARN_DIRECT_OBJC_ISA_USAGE = YES_ERROR;
				CLANG_WARN_DOCUMENTATION_COMMENTS = YES;
				CLANG_WARN_EMPTY_BODY = YES;
				CLANG_WARN_ENUM_CONVERSION = YES;
				CLANG_WARN_INFINITE_RECURSION = YES;
				CLANG_WARN_INT_CONVERSION = YES;
				CLANG_WARN_NON_LITERAL_NULL_CONVERSION = YES;
				CLANG_WARN_OBJC_IMPLICIT_RETAIN_SELF = YES;
				CLANG_WARN_OBJC_LITERAL_CONVERSION = YES;
				CLANG_WARN_OBJC_ROOT_CLASS = YES_ERROR;
				CLANG_WARN_QUOTED_INCLUDE_IN_FRAMEWORK_HEADER = YES;
				CLANG_WARN_RANGE_LOOP_ANALYSIS = YES;
				CLANG_WARN_STRICT_PROTOTYPES = YES;
				CLANG_WARN_SUSPICIOUS_MOVE = YES;
				CLANG_WARN_UNGUARDED_AVAILABILITY = YES_AGGRESSIVE;
				CLANG_WARN_UNREACHABLE_CODE = YES;
				CLANG_WARN__DUPLICATE_METHOD_MATCH = YES;
				COPY_PHASE_STRIP = NO;
				DEBUG_INFORMATION_FORMAT = "dwarf-with-dsym";
				ENABLE_NS_ASSERTIONS = NO;
				ENABLE_STRICT_OBJC_MSGSEND = YES;
				GCC_C_LANGUAGE_STANDARD = gnu11;
				GCC_NO_COMMON_BLOCKS = YES;
				GCC_WARN_64_TO_32_BIT_CONVERSION = YES;
				GCC_WARN_ABOUT_RETURN_TYPE = YES_ERROR;
				GCC_WARN_UNDECLARED_SELECTOR = YES;
				GCC_WARN_UNINITIALIZED_AUTOS = YES_AGGRESSIVE;
				GCC_WARN_UNUSED_FUNCTION = YES;
				GCC_WARN_UNUSED_VARIABLE = YES;
				IPHONEOS_DEPLOYMENT_TARGET = 16.2;
				MTL_ENABLE_DEBUG_INFO = NO;
				MTL_FAST_MATH = YES;
				SDKROOT = iphoneos;
				SWIFT_COMPILATION_MODE = wholemodule;
				SWIFT_OPTIMIZATION_LEVEL = "-O";
				VALIDATE_PRODUCT = YES;
			};
			name = Release;
		};
		68B30A462DCDF69D00F6CC2A /* Debug */ = {
			isa = XCBuildConfiguration;
			buildSettings = {
				ASSETCATALOG_COMPILER_APPICON_NAME = AppIcon;
				ASSETCATALOG_COMPILER_GLOBAL_ACCENT_COLOR_NAME = AccentColor;
				CODE_SIGN_STYLE = Automatic;
				CURRENT_PROJECT_VERSION = 1;
				GENERATE_INFOPLIST_FILE = YES;
				INFOPLIST_KEY_UIApplicationSupportsIndirectInputEvents = YES;
				INFOPLIST_KEY_UILaunchStoryboardName = LaunchScreen;
				INFOPLIST_KEY_UIMainStoryboardFile = Main;
				INFOPLIST_KEY_UIStatusBarHidden = YES;
				INFOPLIST_KEY_UISupportedInterfaceOrientations_iPad = "UIInterfaceOrientationPortrait UIInterfaceOrientationPortraitUpsideDown UIInterfaceOrientationLandscapeLeft UIInterfaceOrientationLandscapeRight";
				INFOPLIST_KEY_UISupportedInterfaceOrientations_iPhone = "UIInterfaceOrientationPortrait UIInterfaceOrientationLandscapeLeft UIInterfaceOrientationLandscapeRight";
				LD_RUNPATH_SEARCH_PATHS = (
					"$(inherited)",
					"@executable_path/Frameworks",
				);
				MARKETING_VERSION = 1.0;
				PRODUCT_BUNDLE_IDENTIFIER = "Ipca.Flappy-Invaders";
				PRODUCT_NAME = "$(TARGET_NAME)";
				SWIFT_EMIT_LOC_STRINGS = YES;
				SWIFT_VERSION = 5.0;
				TARGETED_DEVICE_FAMILY = "1,2";
			};
			name = Debug;
		};
		68B30A472DCDF69D00F6CC2A /* Release */ = {
			isa = XCBuildConfiguration;
			buildSettings = {
				ASSETCATALOG_COMPILER_APPICON_NAME = AppIcon;
				ASSETCATALOG_COMPILER_GLOBAL_ACCENT_COLOR_NAME = AccentColor;
				CODE_SIGN_STYLE = Automatic;
				CURRENT_PROJECT_VERSION = 1;
				GENERATE_INFOPLIST_FILE = YES;
				INFOPLIST_KEY_UIApplicationSupportsIndirectInputEvents = YES;
				INFOPLIST_KEY_UILaunchStoryboardName = LaunchScreen;
				INFOPLIST_KEY_UIMainStoryboardFile = Main;
				INFOPLIST_KEY_UIStatusBarHidden = YES;
				INFOPLIST_KEY_UISupportedInterfaceOrientations_iPad = "UIInterfaceOrientationPortrait UIInterfaceOrientationPortraitUpsideDown UIInterfaceOrientationLandscapeLeft UIInterfaceOrientationLandscapeRight";
				INFOPLIST_KEY_UISupportedInterfaceOrientations_iPhone = "UIInterfaceOrientationPortrait UIInterfaceOrientationLandscapeLeft UIInterfaceOrientationLandscapeRight";
				LD_RUNPATH_SEARCH_PATHS = (
					"$(inherited)",
					"@executable_path/Frameworks",
				);
				MARKETING_VERSION = 1.0;
				PRODUCT_BUNDLE_IDENTIFIER = "Ipca.Flappy-Invaders";
				PRODUCT_NAME = "$(TARGET_NAME)";
				SWIFT_EMIT_LOC_STRINGS = YES;
				SWIFT_VERSION = 5.0;
				TARGETED_DEVICE_FAMILY = "1,2";
			};
			name = Release;
		};
/* End XCBuildConfiguration section */

/* Begin XCConfigurationList section */
		68B30A292DCDF69C00F6CC2A /* Build configuration list for PBXProject "Flappy Invaders" */ = {
			isa = XCConfigurationList;
			buildConfigurations = (
				68B30A432DCDF69D00F6CC2A /* Debug */,
				68B30A442DCDF69D00F6CC2A /* Release */,
			);
			defaultConfigurationIsVisible = 0;
			defaultConfigurationName = Release;
		};
		68B30A452DCDF69D00F6CC2A /* Build configuration list for PBXNativeTarget "Flappy Invaders" */ = {
			isa = XCConfigurationList;
			buildConfigurations = (
				68B30A462DCDF69D00F6CC2A /* Debug */,
				68B30A472DCDF69D00F6CC2A /* Release */,
			);
			defaultConfigurationIsVisible = 0;
			defaultConfigurationName = Release;
		};
/* End XCConfigurationList section */
	};
	rootObject = 68B30A262DCDF69C00F6CC2A /* Project object */;
}
